
Microsoft Visual Studio Solution File, Format Version 12.00
# Visual Studio 15
VisualStudioVersion = 15.0.28307.106
MinimumVisualStudioVersion = 10.0.40219.1
Project("{9A19103F-16F7-4668-BE54-9A1E7A4F7556}") = "ScheduleService", "ScheduleService\ScheduleService.csproj", "{52F74722-41D0-42CA-AB12-07B53E914E2C}"
EndProject
Project("{9A19103F-16F7-4668-BE54-9A1E7A4F7556}") = "TicketService", "TicketService\TicketService.csproj", "{C42E9064-DC68-4667-A59A-162334A35404}"
EndProject
Global
	GlobalSection(SolutionConfigurationPlatforms) = preSolution
		Debug|Any CPU = Debug|Any CPU
		Release|Any CPU = Release|Any CPU
	EndGlobalSection
	GlobalSection(ProjectConfigurationPlatforms) = postSolution
		{52F74722-41D0-42CA-AB12-07B53E914E2C}.Debug|Any CPU.ActiveCfg = Debug|Any CPU
		{52F74722-41D0-42CA-AB12-07B53E914E2C}.Debug|Any CPU.Build.0 = Debug|Any CPU
		{52F74722-41D0-42CA-AB12-07B53E914E2C}.Release|Any CPU.ActiveCfg = Release|Any CPU
		{52F74722-41D0-42CA-AB12-07B53E914E2C}.Release|Any CPU.Build.0 = Release|Any CPU
		{C42E9064-DC68-4667-A59A-162334A35404}.Debug|Any CPU.ActiveCfg = Debug|Any CPU
		{C42E9064-DC68-4667-A59A-162334A35404}.Debug|Any CPU.Build.0 = Debug|Any CPU
		{C42E9064-DC68-4667-A59A-162334A35404}.Release|Any CPU.ActiveCfg = Release|Any CPU
		{C42E9064-DC68-4667-A59A-162334A35404}.Release|Any CPU.Build.0 = Release|Any CPU
	EndGlobalSection
	GlobalSection(SolutionProperties) = preSolution
		HideSolutionNode = FALSE
	EndGlobalSection
	GlobalSection(ExtensibilityGlobals) = postSolution
		SolutionGuid = {1F92E17F-7EA5-4143-92CC-2DC5F70F407B}
	EndGlobalSection
EndGlobal
